
Microsoft Visual Studio Solution File, Format Version 12.00
# Visual Studio Version 17
VisualStudioVersion = 17.0.32112.339
MinimumVisualStudioVersion = 10.0.40219.1
Project("{FAE04EC0-301F-11D3-BF4B-00C04F79EFBC}") = "Ejercicio3", "Ejercicio3\Ejercicio3.csproj", "{B8ACC79C-2F58-45BF-B559-EE1FC8AAD3F7}"
EndProject
Project("{FAE04EC0-301F-11D3-BF4B-00C04F79EFBC}") = "Datos", "Datos\Datos.csproj", "{E5436B53-32FE-418E-B495-210800C61FF6}"
EndProject
Global
	GlobalSection(SolutionConfigurationPlatforms) = preSolution
		Debug|Any CPU = Debug|Any CPU
		Release|Any CPU = Release|Any CPU
	EndGlobalSection
	GlobalSection(ProjectConfigurationPlatforms) = postSolution
		{B8ACC79C-2F58-45BF-B559-EE1FC8AAD3F7}.Debug|Any CPU.ActiveCfg = Debug|Any CPU
		{B8ACC79C-2F58-45BF-B559-EE1FC8AAD3F7}.Debug|Any CPU.Build.0 = Debug|Any CPU
		{B8ACC79C-2F58-45BF-B559-EE1FC8AAD3F7}.Release|Any CPU.ActiveCfg = Release|Any CPU
		{B8ACC79C-2F58-45BF-B559-EE1FC8AAD3F7}.Release|Any CPU.Build.0 = Release|Any CPU
		{E5436B53-32FE-418E-B495-210800C61FF6}.Debug|Any CPU.ActiveCfg = Debug|Any CPU
		{E5436B53-32FE-418E-B495-210800C61FF6}.Debug|Any CPU.Build.0 = Debug|Any CPU
		{E5436B53-32FE-418E-B495-210800C61FF6}.Release|Any CPU.ActiveCfg = Release|Any CPU
		{E5436B53-32FE-418E-B495-210800C61FF6}.Release|Any CPU.Build.0 = Release|Any CPU
	EndGlobalSection
	GlobalSection(SolutionProperties) = preSolution
		HideSolutionNode = FALSE
	EndGlobalSection
	GlobalSection(ExtensibilityGlobals) = postSolution
		SolutionGuid = {B56F2DF0-8594-418D-BA69-2F297BFDC4CD}
	EndGlobalSection
EndGlobal
